
Microsoft Visual Studio Solution File, Format Version 12.00
# Visual Studio 2015
Project("{FAE04EC0-301F-11D3-BF4B-00C04F79EFBC}") = "Intro_Feb8", "Intro_Feb8.csproj", "{099FF649-C50C-D613-6B9D-634FAE3FA2AB}"
EndProject
Global
	GlobalSection(SolutionConfigurationPlatforms) = preSolution
		Debug|Any CPU = Debug|Any CPU
		Release|Any CPU = Release|Any CPU
	EndGlobalSection
	GlobalSection(ProjectConfigurationPlatforms) = postSolution
		{099FF649-C50C-D613-6B9D-634FAE3FA2AB}.Debug|Any CPU.ActiveCfg = Debug|Any CPU
		{099FF649-C50C-D613-6B9D-634FAE3FA2AB}.Debug|Any CPU.Build.0 = Debug|Any CPU
		{099FF649-C50C-D613-6B9D-634FAE3FA2AB}.Release|Any CPU.ActiveCfg = Release|Any CPU
		{099FF649-C50C-D613-6B9D-634FAE3FA2AB}.Release|Any CPU.Build.0 = Release|Any CPU
	EndGlobalSection
	GlobalSection(SolutionProperties) = preSolution
		HideSolutionNode = FALSE
	EndGlobalSection
EndGlobal
