
Microsoft Visual Studio Solution File, Format Version 12.00
# Visual Studio 2015
Project("{FAE04EC0-301F-11D3-BF4B-00C04F79EFBC}") = "MatchCards_Feb10", "MatchCards_Feb10.csproj", "{B229B377-444B-B19F-45F1-A09AF2B02331}"
EndProject
Global
	GlobalSection(SolutionConfigurationPlatforms) = preSolution
		Debug|Any CPU = Debug|Any CPU
		Release|Any CPU = Release|Any CPU
	EndGlobalSection
	GlobalSection(ProjectConfigurationPlatforms) = postSolution
		{B229B377-444B-B19F-45F1-A09AF2B02331}.Debug|Any CPU.ActiveCfg = Debug|Any CPU
		{B229B377-444B-B19F-45F1-A09AF2B02331}.Debug|Any CPU.Build.0 = Debug|Any CPU
		{B229B377-444B-B19F-45F1-A09AF2B02331}.Release|Any CPU.ActiveCfg = Release|Any CPU
		{B229B377-444B-B19F-45F1-A09AF2B02331}.Release|Any CPU.Build.0 = Release|Any CPU
	EndGlobalSection
	GlobalSection(SolutionProperties) = preSolution
		HideSolutionNode = FALSE
	EndGlobalSection
EndGlobal
